# Generated by buf. DO NOT EDIT.
version: v1
deps:
  - remote: buf.build
    owner: googleapis
    repository: googleapis
    commit: f0e53af8f2fc4556b94f482688b57223
    digest: shake256:de26a277fc28b8b411ecf58729d78d32fcf15090ffd998a4469225b17889bfb51442eaab04bb7a8d88d203ecdf0a9febd4ffd52c18ed1c2229160c7bd353ca95
  - remote: buf.build
    owner: grpc
    repository: grpc
    commit: d9455265c5d44adeb60c540c03c90f25
    digest: shake256:7c4be5b81167c3bed43f2dfdd059359a3bcbb9ab01967adceba61dea33123e97a3844d96c35ef3320d3c361865121fa755019b4025f5415b35535c891e85b9c9
  - remote: buf.build
    owner: grpc-ecosystem
    repository: grpc-gateway
    commit: f04e50c23f5f40f786d0e8fa3fe3d713
    digest: shake256:67b115260e12cb2d6c5d5ce8dbbf3a095c86f0e52b84f9dbd16dec9433b218f8694bc9aadb1d45eb6fd52f5a7029977d460e2d58afb3208ab6c680e7b21c80e4
  - remote: buf.build
    owner: parca-dev
    repository: parca
    commit: 933eab74d0464f8ba551772718796588
    digest: shake256:df266d8443b8be2417804a29e23cecee300b92d5856078d32b2b24616d37210370e2f4672f0f99c9126bf849605d1b07e24561a61599e43cf2e7073ea185be56
